{
  "name": "portals",
  "version": "0.9.32-SNAPSHOT",
  "lockfileVersion": 3,
  "requires": true,
  "packages": {
    "": {
      "name": "portals",
      "version": "0.9.32-SNAPSHOT",
      "workspaces": [
        "packages/portals-portal",
        "packages/portals-portal-test",
        "packages/portals-portal-compose",
        "packages/portals-portal-compose-test",
        "packages/portals-portal-kodein-di",
        "packages/portals-portal-kodein-di-test",
        "packages/portals-samples-icons",
        "packages/portals-samples-icons-test",
        "packages/portals-samples-kotlin-inject-shared",
        "packages/portals-samples-kotlin-inject-shared-test",
        "packages/kotlin-inject-wasm",
        "packages/kotlin-inject-wasm-test",
        "packages/portals-samples-simple-portal-shared",
        "packages/portals-samples-simple-portal-shared-test",
        "packages/simple-portal-wasm",
        "packages/simple-portal-wasm-test",
        "packages_imported/skiko-wasm-js/0.9.37-4",
        "packages_imported/skiko-js-wasm-runtime/0.9.37-4",
        "packages_imported/Kotlin-DateTime-library-kotlinx-datetime-wasm-js/0.7.1-0.6.x-compat"
      ],
      "devDependencies": {}
    },
    "node_modules/@js-joda/core": {
      "version": "3.2.0",
      "resolved": "https://registry.npmjs.org/@js-joda/core/-/core-3.2.0.tgz",
      "integrity": "sha512-PMqgJ0sw5B7FKb2d5bWYIoxjri+QlW/Pys7+Rw82jSH0QN3rB05jZ/VrrsUdh1w4+i2kw9JOejXGq/KhDOX7Kg=="
    },
    "node_modules/Kotlin-DateTime-library-kotlinx-datetime-wasm-js": {
      "resolved": "packages_imported/Kotlin-DateTime-library-kotlinx-datetime-wasm-js/0.7.1-0.6.x-compat",
      "link": true
    },
    "node_modules/kotlin-inject-wasm": {
      "resolved": "packages/kotlin-inject-wasm",
      "link": true
    },
    "node_modules/kotlin-inject-wasm-test": {
      "resolved": "packages/kotlin-inject-wasm-test",
      "link": true
    },
    "node_modules/portals-portal": {
      "resolved": "packages/portals-portal",
      "link": true
    },
    "node_modules/portals-portal-compose": {
      "resolved": "packages/portals-portal-compose",
      "link": true
    },
    "node_modules/portals-portal-compose-test": {
      "resolved": "packages/portals-portal-compose-test",
      "link": true
    },
    "node_modules/portals-portal-kodein-di": {
      "resolved": "packages/portals-portal-kodein-di",
      "link": true
    },
    "node_modules/portals-portal-kodein-di-test": {
      "resolved": "packages/portals-portal-kodein-di-test",
      "link": true
    },
    "node_modules/portals-portal-test": {
      "resolved": "packages/portals-portal-test",
      "link": true
    },
    "node_modules/portals-samples-icons": {
      "resolved": "packages/portals-samples-icons",
      "link": true
    },
    "node_modules/portals-samples-icons-test": {
      "resolved": "packages/portals-samples-icons-test",
      "link": true
    },
    "node_modules/portals-samples-kotlin-inject-shared": {
      "resolved": "packages/portals-samples-kotlin-inject-shared",
      "link": true
    },
    "node_modules/portals-samples-kotlin-inject-shared-test": {
      "resolved": "packages/portals-samples-kotlin-inject-shared-test",
      "link": true
    },
    "node_modules/portals-samples-simple-portal-shared": {
      "resolved": "packages/portals-samples-simple-portal-shared",
      "link": true
    },
    "node_modules/portals-samples-simple-portal-shared-test": {
      "resolved": "packages/portals-samples-simple-portal-shared-test",
      "link": true
    },
    "node_modules/simple-portal-wasm": {
      "resolved": "packages/simple-portal-wasm",
      "link": true
    },
    "node_modules/simple-portal-wasm-test": {
      "resolved": "packages/simple-portal-wasm-test",
      "link": true
    },
    "node_modules/skiko-js-wasm-runtime": {
      "resolved": "packages_imported/skiko-js-wasm-runtime/0.9.37-4",
      "link": true
    },
    "node_modules/skiko-wasm-js": {
      "resolved": "packages_imported/skiko-wasm-js/0.9.37-4",
      "link": true
    },
    "packages_imported/Kotlin-DateTime-library-kotlinx-datetime-wasm-js/0.7.1-0.6.x-compat": {
      "name": "Kotlin-DateTime-library-kotlinx-datetime-wasm-js",
      "version": "0.7.1-0.6.x-compat",
      "dependencies": {
        "@js-joda/core": "3.2.0"
      },
      "devDependencies": {}
    },
    "packages_imported/skiko-js-wasm-runtime/0.9.22-2": {
      "name": "skiko-js-wasm-runtime",
      "version": "0.9.22-2",
      "extraneous": true,
      "devDependencies": {}
    },
    "packages_imported/skiko-js-wasm-runtime/0.9.37-3": {
      "name": "skiko-js-wasm-runtime",
      "version": "0.9.37-3",
      "extraneous": true,
      "devDependencies": {}
    },
    "packages_imported/skiko-js-wasm-runtime/0.9.37-4": {
      "name": "skiko-js-wasm-runtime",
      "version": "0.9.37-4",
      "devDependencies": {}
    },
    "packages_imported/skiko-js-wasm-runtime/0.9.4-2": {
      "name": "skiko-js-wasm-runtime",
      "version": "0.9.4-2",
      "extraneous": true,
      "devDependencies": {}
    },
    "packages_imported/skiko-wasm-js/0.9.22-2": {
      "name": "skiko-wasm-js",
      "version": "0.9.22-2",
      "extraneous": true,
      "devDependencies": {}
    },
    "packages_imported/skiko-wasm-js/0.9.37-3": {
      "name": "skiko-wasm-js",
      "version": "0.9.37-3",
      "extraneous": true,
      "devDependencies": {}
    },
    "packages_imported/skiko-wasm-js/0.9.37-4": {
      "name": "skiko-wasm-js",
      "version": "0.9.37-4",
      "devDependencies": {}
    },
    "packages_imported/skiko-wasm-js/0.9.4-2": {
      "name": "skiko-wasm-js",
      "version": "0.9.4-2",
      "extraneous": true,
      "devDependencies": {}
    },
    "packages/kotlin-inject-wasm": {
      "version": "0.9.32-SNAPSHOT",
      "dependencies": {
        "@js-joda/core": "3.2.0"
      },
      "devDependencies": {}
    },
    "packages/kotlin-inject-wasm-test": {
      "version": "0.9.32-SNAPSHOT",
      "dependencies": {
        "@js-joda/core": "3.2.0"
      },
      "devDependencies": {}
    },
    "packages/portals-portal": {
      "version": "0.9.32-SNAPSHOT",
      "devDependencies": {}
    },
    "packages/portals-portal-compose": {
      "version": "0.9.32-SNAPSHOT",
      "devDependencies": {}
    },
    "packages/portals-portal-compose-test": {
      "version": "0.9.32-SNAPSHOT",
      "devDependencies": {}
    },
    "packages/portals-portal-kodein-di": {
      "version": "0.9.32-SNAPSHOT",
      "devDependencies": {}
    },
    "packages/portals-portal-kodein-di-test": {
      "version": "0.9.32-SNAPSHOT",
      "devDependencies": {}
    },
    "packages/portals-portal-test": {
      "version": "0.9.32-SNAPSHOT",
      "devDependencies": {}
    },
    "packages/portals-samples-icons": {
      "version": "0.9.32-SNAPSHOT",
      "devDependencies": {}
    },
    "packages/portals-samples-icons-test": {
      "version": "0.9.32-SNAPSHOT",
      "devDependencies": {}
    },
    "packages/portals-samples-kotlin-inject-shared": {
      "version": "0.9.32-SNAPSHOT",
      "dependencies": {
        "@js-joda/core": "3.2.0"
      },
      "devDependencies": {}
    },
    "packages/portals-samples-kotlin-inject-shared-test": {
      "version": "0.9.32-SNAPSHOT",
      "dependencies": {
        "@js-joda/core": "3.2.0"
      },
      "devDependencies": {}
    },
    "packages/portals-samples-simple-portal-shared": {
      "version": "0.9.32-SNAPSHOT",
      "dependencies": {
        "@js-joda/core": "3.2.0"
      },
      "devDependencies": {}
    },
    "packages/portals-samples-simple-portal-shared-test": {
      "version": "0.9.32-SNAPSHOT",
      "dependencies": {
        "@js-joda/core": "3.2.0"
      },
      "devDependencies": {}
    },
    "packages/simple-portal-wasm": {
      "version": "0.9.32-SNAPSHOT",
      "dependencies": {
        "@js-joda/core": "3.2.0"
      },
      "devDependencies": {}
    },
    "packages/simple-portal-wasm-test": {
      "version": "0.9.32-SNAPSHOT",
      "dependencies": {
        "@js-joda/core": "3.2.0"
      },
      "devDependencies": {}
    }
  }
}
